
Microsoft Visual Studio Solution File, Format Version 12.00
# Visual Studio 15
VisualStudioVersion = 15.0.28307.645
MinimumVisualStudioVersion = 10.0.40219.1
Project("{FAE04EC0-301F-11D3-BF4B-00C04F79EFBC}") = "App4.Android", "App4\App4.Android\App4.Android.csproj", "{B1320848-8566-451E-92E8-138AB1ED4C75}"
EndProject
Project("{FAE04EC0-301F-11D3-BF4B-00C04F79EFBC}") = "App4.iOS", "App4\App4.iOS\App4.iOS.csproj", "{D84CC061-D723-4366-8CAF-F2E1AEC8FA14}"
EndProject
Project("{FAE04EC0-301F-11D3-BF4B-00C04F79EFBC}") = "App4", "App4\App4\App4.csproj", "{5086AA0B-1B52-4E92-A6E0-3C91A2E3579B}"
EndProject
Global
	GlobalSection(SolutionConfigurationPlatforms) = preSolution
		Ad-Hoc|Any CPU = Ad-Hoc|Any CPU
		Ad-Hoc|iPhone = Ad-Hoc|iPhone
		Ad-Hoc|iPhoneSimulator = Ad-Hoc|iPhoneSimulator
		AppStore|Any CPU = AppStore|Any CPU
		AppStore|iPhone = AppStore|iPhone
		AppStore|iPhoneSimulator = AppStore|iPhoneSimulator
		Debug|Any CPU = Debug|Any CPU
		Debug|iPhone = Debug|iPhone
		Debug|iPhoneSimulator = Debug|iPhoneSimulator
		Release|Any CPU = Release|Any CPU
		Release|iPhone = Release|iPhone
		Release|iPhoneSimulator = Release|iPhoneSimulator
	EndGlobalSection
	GlobalSection(ProjectConfigurationPlatforms) = postSolution
		{B1320848-8566-451E-92E8-138AB1ED4C75}.Ad-Hoc|Any CPU.ActiveCfg = Release|Any CPU
		{B1320848-8566-451E-92E8-138AB1ED4C75}.Ad-Hoc|Any CPU.Build.0 = Release|Any CPU
		{B1320848-8566-451E-92E8-138AB1ED4C75}.Ad-Hoc|Any CPU.Deploy.0 = Release|Any CPU
		{B1320848-8566-451E-92E8-138AB1ED4C75}.Ad-Hoc|iPhone.ActiveCfg = Release|Any CPU
		{B1320848-8566-451E-92E8-138AB1ED4C75}.Ad-Hoc|iPhone.Build.0 = Release|Any CPU
		{B1320848-8566-451E-92E8-138AB1ED4C75}.Ad-Hoc|iPhone.Deploy.0 = Release|Any CPU
		{B1320848-8566-451E-92E8-138AB1ED4C75}.Ad-Hoc|iPhoneSimulator.ActiveCfg = Release|Any CPU
		{B1320848-8566-451E-92E8-138AB1ED4C75}.Ad-Hoc|iPhoneSimulator.Build.0 = Release|Any CPU
		{B1320848-8566-451E-92E8-138AB1ED4C75}.Ad-Hoc|iPhoneSimulator.Deploy.0 = Release|Any CPU
		{B1320848-8566-451E-92E8-138AB1ED4C75}.AppStore|Any CPU.ActiveCfg = Release|Any CPU
		{B1320848-8566-451E-92E8-138AB1ED4C75}.AppStore|Any CPU.Build.0 = Release|Any CPU
		{B1320848-8566-451E-92E8-138AB1ED4C75}.AppStore|Any CPU.Deploy.0 = Release|Any CPU
		{B1320848-8566-451E-92E8-138AB1ED4C75}.AppStore|iPhone.ActiveCfg = Release|Any CPU
		{B1320848-8566-451E-92E8-138AB1ED4C75}.AppStore|iPhone.Build.0 = Release|Any CPU
		{B1320848-8566-451E-92E8-138AB1ED4C75}.AppStore|iPhone.Deploy.0 = Release|Any CPU
		{B1320848-8566-451E-92E8-138AB1ED4C75}.AppStore|iPhoneSimulator.ActiveCfg = Release|Any CPU
		{B1320848-8566-451E-92E8-138AB1ED4C75}.AppStore|iPhoneSimulator.Build.0 = Release|Any CPU
		{B1320848-8566-451E-92E8-138AB1ED4C75}.AppStore|iPhoneSimulator.Deploy.0 = Release|Any CPU
		{B1320848-8566-451E-92E8-138AB1ED4C75}.Debug|Any CPU.ActiveCfg = Debug|Any CPU
		{B1320848-8566-451E-92E8-138AB1ED4C75}.Debug|Any CPU.Build.0 = Debug|Any CPU
		{B1320848-8566-451E-92E8-138AB1ED4C75}.Debug|Any CPU.Deploy.0 = Debug|Any CPU
		{B1320848-8566-451E-92E8-138AB1ED4C75}.Debug|iPhone.ActiveCfg = Debug|Any CPU
		{B1320848-8566-451E-92E8-138AB1ED4C75}.Debug|iPhone.Build.0 = Debug|Any CPU
		{B1320848-8566-451E-92E8-138AB1ED4C75}.Debug|iPhone.Deploy.0 = Debug|Any CPU
		{B1320848-8566-451E-92E8-138AB1ED4C75}.Debug|iPhoneSimulator.ActiveCfg = Debug|Any CPU
		{B1320848-8566-451E-92E8-138AB1ED4C75}.Debug|iPhoneSimulator.Build.0 = Debug|Any CPU
		{B1320848-8566-451E-92E8-138AB1ED4C75}.Debug|iPhoneSimulator.Deploy.0 = Debug|Any CPU
		{B1320848-8566-451E-92E8-138AB1ED4C75}.Release|Any CPU.ActiveCfg = Release|Any CPU
		{B1320848-8566-451E-92E8-138AB1ED4C75}.Release|Any CPU.Build.0 = Release|Any CPU
		{B1320848-8566-451E-92E8-138AB1ED4C75}.Release|Any CPU.Deploy.0 = Release|Any CPU
		{B1320848-8566-451E-92E8-138AB1ED4C75}.Release|iPhone.ActiveCfg = Release|Any CPU
		{B1320848-8566-451E-92E8-138AB1ED4C75}.Release|iPhone.Build.0 = Release|Any CPU
		{B1320848-8566-451E-92E8-138AB1ED4C75}.Release|iPhone.Deploy.0 = Release|Any CPU
		{B1320848-8566-451E-92E8-138AB1ED4C75}.Release|iPhoneSimulator.ActiveCfg = Release|Any CPU
		{B1320848-8566-451E-92E8-138AB1ED4C75}.Release|iPhoneSimulator.Build.0 = Release|Any CPU
		{B1320848-8566-451E-92E8-138AB1ED4C75}.Release|iPhoneSimulator.Deploy.0 = Release|Any CPU
		{D84CC061-D723-4366-8CAF-F2E1AEC8FA14}.Ad-Hoc|Any CPU.ActiveCfg = Ad-Hoc|iPhone
		{D84CC061-D723-4366-8CAF-F2E1AEC8FA14}.Ad-Hoc|Any CPU.Build.0 = Ad-Hoc|iPhone
		{D84CC061-D723-4366-8CAF-F2E1AEC8FA14}.Ad-Hoc|Any CPU.Deploy.0 = Ad-Hoc|iPhone
		{D84CC061-D723-4366-8CAF-F2E1AEC8FA14}.Ad-Hoc|iPhone.ActiveCfg = Ad-Hoc|iPhone
		{D84CC061-D723-4366-8CAF-F2E1AEC8FA14}.Ad-Hoc|iPhone.Build.0 = Ad-Hoc|iPhone
		{D84CC061-D723-4366-8CAF-F2E1AEC8FA14}.Ad-Hoc|iPhone.Deploy.0 = Ad-Hoc|iPhone
		{D84CC061-D723-4366-8CAF-F2E1AEC8FA14}.Ad-Hoc|iPhoneSimulator.ActiveCfg = Ad-Hoc|iPhoneSimulator
		{D84CC061-D723-4366-8CAF-F2E1AEC8FA14}.Ad-Hoc|iPhoneSimulator.Build.0 = Ad-Hoc|iPhoneSimulator
		{D84CC061-D723-4366-8CAF-F2E1AEC8FA14}.Ad-Hoc|iPhoneSimulator.Deploy.0 = Ad-Hoc|iPhoneSimulator
		{D84CC061-D723-4366-8CAF-F2E1AEC8FA14}.AppStore|Any CPU.ActiveCfg = AppStore|iPhone
		{D84CC061-D723-4366-8CAF-F2E1AEC8FA14}.AppStore|Any CPU.Build.0 = AppStore|iPhone
		{D84CC061-D723-4366-8CAF-F2E1AEC8FA14}.AppStore|Any CPU.Deploy.0 = AppStore|iPhone
		{D84CC061-D723-4366-8CAF-F2E1AEC8FA14}.AppStore|iPhone.ActiveCfg = AppStore|iPhone
		{D84CC061-D723-4366-8CAF-F2E1AEC8FA14}.AppStore|iPhone.Build.0 = AppStore|iPhone
		{D84CC061-D723-4366-8CAF-F2E1AEC8FA14}.AppStore|iPhone.Deploy.0 = AppStore|iPhone
		{D84CC061-D723-4366-8CAF-F2E1AEC8FA14}.AppStore|iPhoneSimulator.ActiveCfg = AppStore|iPhoneSimulator
		{D84CC061-D723-4366-8CAF-F2E1AEC8FA14}.AppStore|iPhoneSimulator.Build.0 = AppStore|iPhoneSimulator
		{D84CC061-D723-4366-8CAF-F2E1AEC8FA14}.AppStore|iPhoneSimulator.Deploy.0 = AppStore|iPhoneSimulator
		{D84CC061-D723-4366-8CAF-F2E1AEC8FA14}.Debug|Any CPU.ActiveCfg = Debug|iPhoneSimulator
		{D84CC061-D723-4366-8CAF-F2E1AEC8FA14}.Debug|Any CPU.Build.0 = Debug|iPhoneSimulator
		{D84CC061-D723-4366-8CAF-F2E1AEC8FA14}.Debug|Any CPU.Deploy.0 = Debug|iPhoneSimulator
		{D84CC061-D723-4366-8CAF-F2E1AEC8FA14}.Debug|iPhone.ActiveCfg = Debug|iPhone
		{D84CC061-D723-4366-8CAF-F2E1AEC8FA14}.Debug|iPhone.Build.0 = Debug|iPhone
		{D84CC061-D723-4366-8CAF-F2E1AEC8FA14}.Debug|iPhone.Deploy.0 = Debug|iPhone
		{D84CC061-D723-4366-8CAF-F2E1AEC8FA14}.Debug|iPhoneSimulator.ActiveCfg = Debug|iPhoneSimulator
		{D84CC061-D723-4366-8CAF-F2E1AEC8FA14}.Debug|iPhoneSimulator.Build.0 = Debug|iPhoneSimulator
		{D84CC061-D723-4366-8CAF-F2E1AEC8FA14}.Debug|iPhoneSimulator.Deploy.0 = Debug|iPhoneSimulator
		{D84CC061-D723-4366-8CAF-F2E1AEC8FA14}.Release|Any CPU.ActiveCfg = Release|iPhone
		{D84CC061-D723-4366-8CAF-F2E1AEC8FA14}.Release|Any CPU.Build.0 = Release|iPhone
		{D84CC061-D723-4366-8CAF-F2E1AEC8FA14}.Release|Any CPU.Deploy.0 = Release|iPhone
		{D84CC061-D723-4366-8CAF-F2E1AEC8FA14}.Release|iPhone.ActiveCfg = Release|iPhone
		{D84CC061-D723-4366-8CAF-F2E1AEC8FA14}.Release|iPhone.Build.0 = Release|iPhone
		{D84CC061-D723-4366-8CAF-F2E1AEC8FA14}.Release|iPhone.Deploy.0 = Release|iPhone
		{D84CC061-D723-4366-8CAF-F2E1AEC8FA14}.Release|iPhoneSimulator.ActiveCfg = Release|iPhoneSimulator
		{D84CC061-D723-4366-8CAF-F2E1AEC8FA14}.Release|iPhoneSimulator.Build.0 = Release|iPhoneSimulator
		{D84CC061-D723-4366-8CAF-F2E1AEC8FA14}.Release|iPhoneSimulator.Deploy.0 = Release|iPhoneSimulator
		{5086AA0B-1B52-4E92-A6E0-3C91A2E3579B}.Ad-Hoc|Any CPU.ActiveCfg = Debug|Any CPU
		{5086AA0B-1B52-4E92-A6E0-3C91A2E3579B}.Ad-Hoc|Any CPU.Build.0 = Debug|Any CPU
		{5086AA0B-1B52-4E92-A6E0-3C91A2E3579B}.Ad-Hoc|Any CPU.Deploy.0 = Debug|Any CPU
		{5086AA0B-1B52-4E92-A6E0-3C91A2E3579B}.Ad-Hoc|iPhone.ActiveCfg = Debug|Any CPU
		{5086AA0B-1B52-4E92-A6E0-3C91A2E3579B}.Ad-Hoc|iPhone.Build.0 = Debug|Any CPU
		{5086AA0B-1B52-4E92-A6E0-3C91A2E3579B}.Ad-Hoc|iPhone.Deploy.0 = Debug|Any CPU
		{5086AA0B-1B52-4E92-A6E0-3C91A2E3579B}.Ad-Hoc|iPhoneSimulator.ActiveCfg = Debug|Any CPU
		{5086AA0B-1B52-4E92-A6E0-3C91A2E3579B}.Ad-Hoc|iPhoneSimulator.Build.0 = Debug|Any CPU
		{5086AA0B-1B52-4E92-A6E0-3C91A2E3579B}.Ad-Hoc|iPhoneSimulator.Deploy.0 = Debug|Any CPU
		{5086AA0B-1B52-4E92-A6E0-3C91A2E3579B}.AppStore|Any CPU.ActiveCfg = Debug|Any CPU
		{5086AA0B-1B52-4E92-A6E0-3C91A2E3579B}.AppStore|Any CPU.Build.0 = Debug|Any CPU
		{5086AA0B-1B52-4E92-A6E0-3C91A2E3579B}.AppStore|Any CPU.Deploy.0 = Debug|Any CPU
		{5086AA0B-1B52-4E92-A6E0-3C91A2E3579B}.AppStore|iPhone.ActiveCfg = Debug|Any CPU
		{5086AA0B-1B52-4E92-A6E0-3C91A2E3579B}.AppStore|iPhone.Build.0 = Debug|Any CPU
		{5086AA0B-1B52-4E92-A6E0-3C91A2E3579B}.AppStore|iPhone.Deploy.0 = Debug|Any CPU
		{5086AA0B-1B52-4E92-A6E0-3C91A2E3579B}.AppStore|iPhoneSimulator.ActiveCfg = Debug|Any CPU
		{5086AA0B-1B52-4E92-A6E0-3C91A2E3579B}.AppStore|iPhoneSimulator.Build.0 = Debug|Any CPU
		{5086AA0B-1B52-4E92-A6E0-3C91A2E3579B}.AppStore|iPhoneSimulator.Deploy.0 = Debug|Any CPU
		{5086AA0B-1B52-4E92-A6E0-3C91A2E3579B}.Debug|Any CPU.ActiveCfg = Debug|Any CPU
		{5086AA0B-1B52-4E92-A6E0-3C91A2E3579B}.Debug|Any CPU.Build.0 = Debug|Any CPU
		{5086AA0B-1B52-4E92-A6E0-3C91A2E3579B}.Debug|Any CPU.Deploy.0 = Debug|Any CPU
		{5086AA0B-1B52-4E92-A6E0-3C91A2E3579B}.Debug|iPhone.ActiveCfg = Debug|Any CPU
		{5086AA0B-1B52-4E92-A6E0-3C91A2E3579B}.Debug|iPhone.Build.0 = Debug|Any CPU
		{5086AA0B-1B52-4E92-A6E0-3C91A2E3579B}.Debug|iPhone.Deploy.0 = Debug|Any CPU
		{5086AA0B-1B52-4E92-A6E0-3C91A2E3579B}.Debug|iPhoneSimulator.ActiveCfg = Debug|Any CPU
		{5086AA0B-1B52-4E92-A6E0-3C91A2E3579B}.Debug|iPhoneSimulator.Build.0 = Debug|Any CPU
		{5086AA0B-1B52-4E92-A6E0-3C91A2E3579B}.Debug|iPhoneSimulator.Deploy.0 = Debug|Any CPU
		{5086AA0B-1B52-4E92-A6E0-3C91A2E3579B}.Release|Any CPU.ActiveCfg = Release|Any CPU
		{5086AA0B-1B52-4E92-A6E0-3C91A2E3579B}.Release|Any CPU.Build.0 = Release|Any CPU
		{5086AA0B-1B52-4E92-A6E0-3C91A2E3579B}.Release|Any CPU.Deploy.0 = Release|Any CPU
		{5086AA0B-1B52-4E92-A6E0-3C91A2E3579B}.Release|iPhone.ActiveCfg = Release|Any CPU
		{5086AA0B-1B52-4E92-A6E0-3C91A2E3579B}.Release|iPhone.Build.0 = Release|Any CPU
		{5086AA0B-1B52-4E92-A6E0-3C91A2E3579B}.Release|iPhone.Deploy.0 = Release|Any CPU
		{5086AA0B-1B52-4E92-A6E0-3C91A2E3579B}.Release|iPhoneSimulator.ActiveCfg = Release|Any CPU
		{5086AA0B-1B52-4E92-A6E0-3C91A2E3579B}.Release|iPhoneSimulator.Build.0 = Release|Any CPU
		{5086AA0B-1B52-4E92-A6E0-3C91A2E3579B}.Release|iPhoneSimulator.Deploy.0 = Release|Any CPU
	EndGlobalSection
	GlobalSection(SolutionProperties) = preSolution
		HideSolutionNode = FALSE
	EndGlobalSection
	GlobalSection(ExtensibilityGlobals) = postSolution
		SolutionGuid = {1F17A36F-D9FF-4300-93EF-4C8584177EE5}
	EndGlobalSection
EndGlobal
